// !$*UTF8*$!
{
	archiveVersion = 1;
	classes = {
	};
	objectVersion = 56;
	objects = {

/* Begin PBXBuildFile section */
<<<<<<< HEAD
		265A314B29830799009B23E0 /* AppDelegate.swift in Sources */ = {isa = PBXBuildFile; fileRef = 265A314A29830799009B23E0 /* AppDelegate.swift */; };
		265A314D29830799009B23E0 /* SceneDelegate.swift in Sources */ = {isa = PBXBuildFile; fileRef = 265A314C29830799009B23E0 /* SceneDelegate.swift */; };
		265A314F29830799009B23E0 /* ViewController.swift in Sources */ = {isa = PBXBuildFile; fileRef = 265A314E29830799009B23E0 /* ViewController.swift */; };
		265A315229830799009B23E0 /* Main.storyboard in Resources */ = {isa = PBXBuildFile; fileRef = 265A315029830799009B23E0 /* Main.storyboard */; };
		265A315429830799009B23E0 /* Assets.xcassets in Resources */ = {isa = PBXBuildFile; fileRef = 265A315329830799009B23E0 /* Assets.xcassets */; };
		265A315729830799009B23E0 /* LaunchScreen.storyboard in Resources */ = {isa = PBXBuildFile; fileRef = 265A315529830799009B23E0 /* LaunchScreen.storyboard */; };
/* End PBXBuildFile section */

/* Begin PBXFileReference section */
		265A314729830799009B23E0 /* 1_StormViewer.app */ = {isa = PBXFileReference; explicitFileType = wrapper.application; includeInIndex = 0; path = 1_StormViewer.app; sourceTree = BUILT_PRODUCTS_DIR; };
		265A314A29830799009B23E0 /* AppDelegate.swift */ = {isa = PBXFileReference; lastKnownFileType = sourcecode.swift; path = AppDelegate.swift; sourceTree = "<group>"; };
		265A314C29830799009B23E0 /* SceneDelegate.swift */ = {isa = PBXFileReference; lastKnownFileType = sourcecode.swift; path = SceneDelegate.swift; sourceTree = "<group>"; };
		265A314E29830799009B23E0 /* ViewController.swift */ = {isa = PBXFileReference; lastKnownFileType = sourcecode.swift; path = ViewController.swift; sourceTree = "<group>"; };
		265A315129830799009B23E0 /* Base */ = {isa = PBXFileReference; lastKnownFileType = file.storyboard; name = Base; path = Base.lproj/Main.storyboard; sourceTree = "<group>"; };
		265A315329830799009B23E0 /* Assets.xcassets */ = {isa = PBXFileReference; lastKnownFileType = folder.assetcatalog; path = Assets.xcassets; sourceTree = "<group>"; };
		265A315629830799009B23E0 /* Base */ = {isa = PBXFileReference; lastKnownFileType = file.storyboard; name = Base; path = Base.lproj/LaunchScreen.storyboard; sourceTree = "<group>"; };
		265A315829830799009B23E0 /* Info.plist */ = {isa = PBXFileReference; lastKnownFileType = text.plist.xml; path = Info.plist; sourceTree = "<group>"; };
/* End PBXFileReference section */

/* Begin PBXFrameworksBuildPhase section */
		265A314429830799009B23E0 /* Frameworks */ = {
=======
		265A318E2983141F009B23E0 /* AppDelegate.swift in Sources */ = {isa = PBXBuildFile; fileRef = 265A318D2983141F009B23E0 /* AppDelegate.swift */; };
		265A31902983141F009B23E0 /* SceneDelegate.swift in Sources */ = {isa = PBXBuildFile; fileRef = 265A318F2983141F009B23E0 /* SceneDelegate.swift */; };
		265A31922983141F009B23E0 /* ViewController.swift in Sources */ = {isa = PBXBuildFile; fileRef = 265A31912983141F009B23E0 /* ViewController.swift */; };
		265A31952983141F009B23E0 /* Main.storyboard in Resources */ = {isa = PBXBuildFile; fileRef = 265A31932983141F009B23E0 /* Main.storyboard */; };
		265A319729831420009B23E0 /* Assets.xcassets in Resources */ = {isa = PBXBuildFile; fileRef = 265A319629831420009B23E0 /* Assets.xcassets */; };
		265A319A29831420009B23E0 /* LaunchScreen.storyboard in Resources */ = {isa = PBXBuildFile; fileRef = 265A319829831420009B23E0 /* LaunchScreen.storyboard */; };
		265A31AD29831646009B23E0 /* nssl0033.jpg in Resources */ = {isa = PBXBuildFile; fileRef = 265A31A329831646009B23E0 /* nssl0033.jpg */; };
		265A31AE29831646009B23E0 /* nssl0091.jpg in Resources */ = {isa = PBXBuildFile; fileRef = 265A31A429831646009B23E0 /* nssl0091.jpg */; };
		265A31AF29831646009B23E0 /* nssl0041.jpg in Resources */ = {isa = PBXBuildFile; fileRef = 265A31A529831646009B23E0 /* nssl0041.jpg */; };
		265A31B029831646009B23E0 /* nssl0045.jpg in Resources */ = {isa = PBXBuildFile; fileRef = 265A31A629831646009B23E0 /* nssl0045.jpg */; };
		265A31B129831646009B23E0 /* nssl0049.jpg in Resources */ = {isa = PBXBuildFile; fileRef = 265A31A729831646009B23E0 /* nssl0049.jpg */; };
		265A31B229831646009B23E0 /* nssl0051.jpg in Resources */ = {isa = PBXBuildFile; fileRef = 265A31A829831646009B23E0 /* nssl0051.jpg */; };
		265A31B329831646009B23E0 /* nssl0042.jpg in Resources */ = {isa = PBXBuildFile; fileRef = 265A31A929831646009B23E0 /* nssl0042.jpg */; };
		265A31B429831646009B23E0 /* nssl0043.jpg in Resources */ = {isa = PBXBuildFile; fileRef = 265A31AA29831646009B23E0 /* nssl0043.jpg */; };
		265A31B529831646009B23E0 /* nssl0034.jpg in Resources */ = {isa = PBXBuildFile; fileRef = 265A31AB29831646009B23E0 /* nssl0034.jpg */; };
		265A31B629831646009B23E0 /* nssl0046.jpg in Resources */ = {isa = PBXBuildFile; fileRef = 265A31AC29831646009B23E0 /* nssl0046.jpg */; };
		265A31B8298472C4009B23E0 /* DetailViewController.swift in Sources */ = {isa = PBXBuildFile; fileRef = 265A31B7298472C4009B23E0 /* DetailViewController.swift */; };
/* End PBXBuildFile section */

/* Begin PBXFileReference section */
		265A318A2983141F009B23E0 /* 1_StormViewer.app */ = {isa = PBXFileReference; explicitFileType = wrapper.application; includeInIndex = 0; path = 1_StormViewer.app; sourceTree = BUILT_PRODUCTS_DIR; };
		265A318D2983141F009B23E0 /* AppDelegate.swift */ = {isa = PBXFileReference; lastKnownFileType = sourcecode.swift; path = AppDelegate.swift; sourceTree = "<group>"; };
		265A318F2983141F009B23E0 /* SceneDelegate.swift */ = {isa = PBXFileReference; lastKnownFileType = sourcecode.swift; path = SceneDelegate.swift; sourceTree = "<group>"; };
		265A31912983141F009B23E0 /* ViewController.swift */ = {isa = PBXFileReference; lastKnownFileType = sourcecode.swift; path = ViewController.swift; sourceTree = "<group>"; };
		265A31942983141F009B23E0 /* Base */ = {isa = PBXFileReference; lastKnownFileType = file.storyboard; name = Base; path = Base.lproj/Main.storyboard; sourceTree = "<group>"; };
		265A319629831420009B23E0 /* Assets.xcassets */ = {isa = PBXFileReference; lastKnownFileType = folder.assetcatalog; path = Assets.xcassets; sourceTree = "<group>"; };
		265A319929831420009B23E0 /* Base */ = {isa = PBXFileReference; lastKnownFileType = file.storyboard; name = Base; path = Base.lproj/LaunchScreen.storyboard; sourceTree = "<group>"; };
		265A319B29831420009B23E0 /* Info.plist */ = {isa = PBXFileReference; lastKnownFileType = text.plist.xml; path = Info.plist; sourceTree = "<group>"; };
		265A31A329831646009B23E0 /* nssl0033.jpg */ = {isa = PBXFileReference; lastKnownFileType = image.jpeg; path = nssl0033.jpg; sourceTree = "<group>"; };
		265A31A429831646009B23E0 /* nssl0091.jpg */ = {isa = PBXFileReference; lastKnownFileType = image.jpeg; path = nssl0091.jpg; sourceTree = "<group>"; };
		265A31A529831646009B23E0 /* nssl0041.jpg */ = {isa = PBXFileReference; lastKnownFileType = image.jpeg; path = nssl0041.jpg; sourceTree = "<group>"; };
		265A31A629831646009B23E0 /* nssl0045.jpg */ = {isa = PBXFileReference; lastKnownFileType = image.jpeg; path = nssl0045.jpg; sourceTree = "<group>"; };
		265A31A729831646009B23E0 /* nssl0049.jpg */ = {isa = PBXFileReference; lastKnownFileType = image.jpeg; path = nssl0049.jpg; sourceTree = "<group>"; };
		265A31A829831646009B23E0 /* nssl0051.jpg */ = {isa = PBXFileReference; lastKnownFileType = image.jpeg; path = nssl0051.jpg; sourceTree = "<group>"; };
		265A31A929831646009B23E0 /* nssl0042.jpg */ = {isa = PBXFileReference; lastKnownFileType = image.jpeg; path = nssl0042.jpg; sourceTree = "<group>"; };
		265A31AA29831646009B23E0 /* nssl0043.jpg */ = {isa = PBXFileReference; lastKnownFileType = image.jpeg; path = nssl0043.jpg; sourceTree = "<group>"; };
		265A31AB29831646009B23E0 /* nssl0034.jpg */ = {isa = PBXFileReference; lastKnownFileType = image.jpeg; path = nssl0034.jpg; sourceTree = "<group>"; };
		265A31AC29831646009B23E0 /* nssl0046.jpg */ = {isa = PBXFileReference; lastKnownFileType = image.jpeg; path = nssl0046.jpg; sourceTree = "<group>"; };
		265A31B7298472C4009B23E0 /* DetailViewController.swift */ = {isa = PBXFileReference; lastKnownFileType = sourcecode.swift; path = DetailViewController.swift; sourceTree = "<group>"; };
/* End PBXFileReference section */

/* Begin PBXFrameworksBuildPhase section */
		265A31872983141F009B23E0 /* Frameworks */ = {
>>>>>>> c7adab6 (Finished Storm viewer)
			isa = PBXFrameworksBuildPhase;
			buildActionMask = 2147483647;
			files = (
			);
			runOnlyForDeploymentPostprocessing = 0;
		};
/* End PBXFrameworksBuildPhase section */

/* Begin PBXGroup section */
<<<<<<< HEAD
		265A313E29830799009B23E0 = {
			isa = PBXGroup;
			children = (
				265A314929830799009B23E0 /* 1_StormViewer */,
				265A314829830799009B23E0 /* Products */,
			);
			sourceTree = "<group>";
		};
		265A314829830799009B23E0 /* Products */ = {
			isa = PBXGroup;
			children = (
				265A314729830799009B23E0 /* 1_StormViewer.app */,
=======
		265A31812983141F009B23E0 = {
			isa = PBXGroup;
			children = (
				265A318C2983141F009B23E0 /* 1_StormViewer */,
				265A318B2983141F009B23E0 /* Products */,
			);
			sourceTree = "<group>";
		};
		265A318B2983141F009B23E0 /* Products */ = {
			isa = PBXGroup;
			children = (
				265A318A2983141F009B23E0 /* 1_StormViewer.app */,
>>>>>>> c7adab6 (Finished Storm viewer)
			);
			name = Products;
			sourceTree = "<group>";
		};
<<<<<<< HEAD
		265A314929830799009B23E0 /* 1_StormViewer */ = {
			isa = PBXGroup;
			children = (
				265A314A29830799009B23E0 /* AppDelegate.swift */,
				265A314C29830799009B23E0 /* SceneDelegate.swift */,
				265A314E29830799009B23E0 /* ViewController.swift */,
				265A315029830799009B23E0 /* Main.storyboard */,
				265A315329830799009B23E0 /* Assets.xcassets */,
				265A315529830799009B23E0 /* LaunchScreen.storyboard */,
				265A315829830799009B23E0 /* Info.plist */,
=======
		265A318C2983141F009B23E0 /* 1_StormViewer */ = {
			isa = PBXGroup;
			children = (
				265A318D2983141F009B23E0 /* AppDelegate.swift */,
				265A318F2983141F009B23E0 /* SceneDelegate.swift */,
				265A31912983141F009B23E0 /* ViewController.swift */,
				265A31B7298472C4009B23E0 /* DetailViewController.swift */,
				265A31932983141F009B23E0 /* Main.storyboard */,
				265A319629831420009B23E0 /* Assets.xcassets */,
				265A319829831420009B23E0 /* LaunchScreen.storyboard */,
				265A31A329831646009B23E0 /* nssl0033.jpg */,
				265A31AB29831646009B23E0 /* nssl0034.jpg */,
				265A31A529831646009B23E0 /* nssl0041.jpg */,
				265A31A929831646009B23E0 /* nssl0042.jpg */,
				265A31AA29831646009B23E0 /* nssl0043.jpg */,
				265A31A629831646009B23E0 /* nssl0045.jpg */,
				265A31AC29831646009B23E0 /* nssl0046.jpg */,
				265A31A729831646009B23E0 /* nssl0049.jpg */,
				265A31A829831646009B23E0 /* nssl0051.jpg */,
				265A31A429831646009B23E0 /* nssl0091.jpg */,
				265A319B29831420009B23E0 /* Info.plist */,
>>>>>>> c7adab6 (Finished Storm viewer)
			);
			path = 1_StormViewer;
			sourceTree = "<group>";
		};
/* End PBXGroup section */

/* Begin PBXNativeTarget section */
<<<<<<< HEAD
		265A314629830799009B23E0 /* 1_StormViewer */ = {
			isa = PBXNativeTarget;
			buildConfigurationList = 265A315B29830799009B23E0 /* Build configuration list for PBXNativeTarget "1_StormViewer" */;
			buildPhases = (
				265A314329830799009B23E0 /* Sources */,
				265A314429830799009B23E0 /* Frameworks */,
				265A314529830799009B23E0 /* Resources */,
=======
		265A31892983141F009B23E0 /* 1_StormViewer */ = {
			isa = PBXNativeTarget;
			buildConfigurationList = 265A319E29831420009B23E0 /* Build configuration list for PBXNativeTarget "1_StormViewer" */;
			buildPhases = (
				265A31862983141F009B23E0 /* Sources */,
				265A31872983141F009B23E0 /* Frameworks */,
				265A31882983141F009B23E0 /* Resources */,
>>>>>>> c7adab6 (Finished Storm viewer)
			);
			buildRules = (
			);
			dependencies = (
			);
			name = 1_StormViewer;
			productName = 1_StormViewer;
<<<<<<< HEAD
			productReference = 265A314729830799009B23E0 /* 1_StormViewer.app */;
=======
			productReference = 265A318A2983141F009B23E0 /* 1_StormViewer.app */;
>>>>>>> c7adab6 (Finished Storm viewer)
			productType = "com.apple.product-type.application";
		};
/* End PBXNativeTarget section */

/* Begin PBXProject section */
<<<<<<< HEAD
		265A313F29830799009B23E0 /* Project object */ = {
=======
		265A31822983141F009B23E0 /* Project object */ = {
>>>>>>> c7adab6 (Finished Storm viewer)
			isa = PBXProject;
			attributes = {
				BuildIndependentTargetsInParallel = 1;
				LastSwiftUpdateCheck = 1420;
				LastUpgradeCheck = 1420;
				TargetAttributes = {
<<<<<<< HEAD
					265A314629830799009B23E0 = {
=======
					265A31892983141F009B23E0 = {
>>>>>>> c7adab6 (Finished Storm viewer)
						CreatedOnToolsVersion = 14.2;
					};
				};
			};
<<<<<<< HEAD
			buildConfigurationList = 265A314229830799009B23E0 /* Build configuration list for PBXProject "1_StormViewer" */;
=======
			buildConfigurationList = 265A31852983141F009B23E0 /* Build configuration list for PBXProject "1_StormViewer" */;
>>>>>>> c7adab6 (Finished Storm viewer)
			compatibilityVersion = "Xcode 14.0";
			developmentRegion = en;
			hasScannedForEncodings = 0;
			knownRegions = (
				en,
				Base,
			);
<<<<<<< HEAD
			mainGroup = 265A313E29830799009B23E0;
			productRefGroup = 265A314829830799009B23E0 /* Products */;
			projectDirPath = "";
			projectRoot = "";
			targets = (
				265A314629830799009B23E0 /* 1_StormViewer */,
=======
			mainGroup = 265A31812983141F009B23E0;
			productRefGroup = 265A318B2983141F009B23E0 /* Products */;
			projectDirPath = "";
			projectRoot = "";
			targets = (
				265A31892983141F009B23E0 /* 1_StormViewer */,
>>>>>>> c7adab6 (Finished Storm viewer)
			);
		};
/* End PBXProject section */

/* Begin PBXResourcesBuildPhase section */
<<<<<<< HEAD
		265A314529830799009B23E0 /* Resources */ = {
			isa = PBXResourcesBuildPhase;
			buildActionMask = 2147483647;
			files = (
				265A315729830799009B23E0 /* LaunchScreen.storyboard in Resources */,
				265A315429830799009B23E0 /* Assets.xcassets in Resources */,
				265A315229830799009B23E0 /* Main.storyboard in Resources */,
=======
		265A31882983141F009B23E0 /* Resources */ = {
			isa = PBXResourcesBuildPhase;
			buildActionMask = 2147483647;
			files = (
				265A31AF29831646009B23E0 /* nssl0041.jpg in Resources */,
				265A31B629831646009B23E0 /* nssl0046.jpg in Resources */,
				265A31AD29831646009B23E0 /* nssl0033.jpg in Resources */,
				265A31AE29831646009B23E0 /* nssl0091.jpg in Resources */,
				265A319A29831420009B23E0 /* LaunchScreen.storyboard in Resources */,
				265A31B129831646009B23E0 /* nssl0049.jpg in Resources */,
				265A31B529831646009B23E0 /* nssl0034.jpg in Resources */,
				265A31B229831646009B23E0 /* nssl0051.jpg in Resources */,
				265A31B029831646009B23E0 /* nssl0045.jpg in Resources */,
				265A319729831420009B23E0 /* Assets.xcassets in Resources */,
				265A31B329831646009B23E0 /* nssl0042.jpg in Resources */,
				265A31B429831646009B23E0 /* nssl0043.jpg in Resources */,
				265A31952983141F009B23E0 /* Main.storyboard in Resources */,
>>>>>>> c7adab6 (Finished Storm viewer)
			);
			runOnlyForDeploymentPostprocessing = 0;
		};
/* End PBXResourcesBuildPhase section */

/* Begin PBXSourcesBuildPhase section */
<<<<<<< HEAD
		265A314329830799009B23E0 /* Sources */ = {
			isa = PBXSourcesBuildPhase;
			buildActionMask = 2147483647;
			files = (
				265A314F29830799009B23E0 /* ViewController.swift in Sources */,
				265A314B29830799009B23E0 /* AppDelegate.swift in Sources */,
				265A314D29830799009B23E0 /* SceneDelegate.swift in Sources */,
=======
		265A31862983141F009B23E0 /* Sources */ = {
			isa = PBXSourcesBuildPhase;
			buildActionMask = 2147483647;
			files = (
				265A31922983141F009B23E0 /* ViewController.swift in Sources */,
				265A318E2983141F009B23E0 /* AppDelegate.swift in Sources */,
				265A31902983141F009B23E0 /* SceneDelegate.swift in Sources */,
				265A31B8298472C4009B23E0 /* DetailViewController.swift in Sources */,
>>>>>>> c7adab6 (Finished Storm viewer)
			);
			runOnlyForDeploymentPostprocessing = 0;
		};
/* End PBXSourcesBuildPhase section */

/* Begin PBXVariantGroup section */
<<<<<<< HEAD
		265A315029830799009B23E0 /* Main.storyboard */ = {
			isa = PBXVariantGroup;
			children = (
				265A315129830799009B23E0 /* Base */,
=======
		265A31932983141F009B23E0 /* Main.storyboard */ = {
			isa = PBXVariantGroup;
			children = (
				265A31942983141F009B23E0 /* Base */,
>>>>>>> c7adab6 (Finished Storm viewer)
			);
			name = Main.storyboard;
			sourceTree = "<group>";
		};
<<<<<<< HEAD
		265A315529830799009B23E0 /* LaunchScreen.storyboard */ = {
			isa = PBXVariantGroup;
			children = (
				265A315629830799009B23E0 /* Base */,
=======
		265A319829831420009B23E0 /* LaunchScreen.storyboard */ = {
			isa = PBXVariantGroup;
			children = (
				265A319929831420009B23E0 /* Base */,
>>>>>>> c7adab6 (Finished Storm viewer)
			);
			name = LaunchScreen.storyboard;
			sourceTree = "<group>";
		};
/* End PBXVariantGroup section */

/* Begin XCBuildConfiguration section */
<<<<<<< HEAD
		265A315929830799009B23E0 /* Debug */ = {
=======
		265A319C29831420009B23E0 /* Debug */ = {
>>>>>>> c7adab6 (Finished Storm viewer)
			isa = XCBuildConfiguration;
			buildSettings = {
				ALWAYS_SEARCH_USER_PATHS = NO;
				CLANG_ANALYZER_NONNULL = YES;
				CLANG_ANALYZER_NUMBER_OBJECT_CONVERSION = YES_AGGRESSIVE;
				CLANG_CXX_LANGUAGE_STANDARD = "gnu++20";
				CLANG_ENABLE_MODULES = YES;
				CLANG_ENABLE_OBJC_ARC = YES;
				CLANG_ENABLE_OBJC_WEAK = YES;
				CLANG_WARN_BLOCK_CAPTURE_AUTORELEASING = YES;
				CLANG_WARN_BOOL_CONVERSION = YES;
				CLANG_WARN_COMMA = YES;
				CLANG_WARN_CONSTANT_CONVERSION = YES;
				CLANG_WARN_DEPRECATED_OBJC_IMPLEMENTATIONS = YES;
				CLANG_WARN_DIRECT_OBJC_ISA_USAGE = YES_ERROR;
				CLANG_WARN_DOCUMENTATION_COMMENTS = YES;
				CLANG_WARN_EMPTY_BODY = YES;
				CLANG_WARN_ENUM_CONVERSION = YES;
				CLANG_WARN_INFINITE_RECURSION = YES;
				CLANG_WARN_INT_CONVERSION = YES;
				CLANG_WARN_NON_LITERAL_NULL_CONVERSION = YES;
				CLANG_WARN_OBJC_IMPLICIT_RETAIN_SELF = YES;
				CLANG_WARN_OBJC_LITERAL_CONVERSION = YES;
				CLANG_WARN_OBJC_ROOT_CLASS = YES_ERROR;
				CLANG_WARN_QUOTED_INCLUDE_IN_FRAMEWORK_HEADER = YES;
				CLANG_WARN_RANGE_LOOP_ANALYSIS = YES;
				CLANG_WARN_STRICT_PROTOTYPES = YES;
				CLANG_WARN_SUSPICIOUS_MOVE = YES;
				CLANG_WARN_UNGUARDED_AVAILABILITY = YES_AGGRESSIVE;
				CLANG_WARN_UNREACHABLE_CODE = YES;
				CLANG_WARN__DUPLICATE_METHOD_MATCH = YES;
				COPY_PHASE_STRIP = NO;
				DEBUG_INFORMATION_FORMAT = dwarf;
				ENABLE_STRICT_OBJC_MSGSEND = YES;
				ENABLE_TESTABILITY = YES;
				GCC_C_LANGUAGE_STANDARD = gnu11;
				GCC_DYNAMIC_NO_PIC = NO;
				GCC_NO_COMMON_BLOCKS = YES;
				GCC_OPTIMIZATION_LEVEL = 0;
				GCC_PREPROCESSOR_DEFINITIONS = (
					"DEBUG=1",
					"$(inherited)",
				);
				GCC_WARN_64_TO_32_BIT_CONVERSION = YES;
				GCC_WARN_ABOUT_RETURN_TYPE = YES_ERROR;
				GCC_WARN_UNDECLARED_SELECTOR = YES;
				GCC_WARN_UNINITIALIZED_AUTOS = YES_AGGRESSIVE;
				GCC_WARN_UNUSED_FUNCTION = YES;
				GCC_WARN_UNUSED_VARIABLE = YES;
				IPHONEOS_DEPLOYMENT_TARGET = 16.2;
				MTL_ENABLE_DEBUG_INFO = INCLUDE_SOURCE;
				MTL_FAST_MATH = YES;
				ONLY_ACTIVE_ARCH = YES;
				SDKROOT = iphoneos;
				SWIFT_ACTIVE_COMPILATION_CONDITIONS = DEBUG;
				SWIFT_OPTIMIZATION_LEVEL = "-Onone";
			};
			name = Debug;
		};
<<<<<<< HEAD
		265A315A29830799009B23E0 /* Release */ = {
=======
		265A319D29831420009B23E0 /* Release */ = {
>>>>>>> c7adab6 (Finished Storm viewer)
			isa = XCBuildConfiguration;
			buildSettings = {
				ALWAYS_SEARCH_USER_PATHS = NO;
				CLANG_ANALYZER_NONNULL = YES;
				CLANG_ANALYZER_NUMBER_OBJECT_CONVERSION = YES_AGGRESSIVE;
				CLANG_CXX_LANGUAGE_STANDARD = "gnu++20";
				CLANG_ENABLE_MODULES = YES;
				CLANG_ENABLE_OBJC_ARC = YES;
				CLANG_ENABLE_OBJC_WEAK = YES;
				CLANG_WARN_BLOCK_CAPTURE_AUTORELEASING = YES;
				CLANG_WARN_BOOL_CONVERSION = YES;
				CLANG_WARN_COMMA = YES;
				CLANG_WARN_CONSTANT_CONVERSION = YES;
				CLANG_WARN_DEPRECATED_OBJC_IMPLEMENTATIONS = YES;
				CLANG_WARN_DIRECT_OBJC_ISA_USAGE = YES_ERROR;
				CLANG_WARN_DOCUMENTATION_COMMENTS = YES;
				CLANG_WARN_EMPTY_BODY = YES;
				CLANG_WARN_ENUM_CONVERSION = YES;
				CLANG_WARN_INFINITE_RECURSION = YES;
				CLANG_WARN_INT_CONVERSION = YES;
				CLANG_WARN_NON_LITERAL_NULL_CONVERSION = YES;
				CLANG_WARN_OBJC_IMPLICIT_RETAIN_SELF = YES;
				CLANG_WARN_OBJC_LITERAL_CONVERSION = YES;
				CLANG_WARN_OBJC_ROOT_CLASS = YES_ERROR;
				CLANG_WARN_QUOTED_INCLUDE_IN_FRAMEWORK_HEADER = YES;
				CLANG_WARN_RANGE_LOOP_ANALYSIS = YES;
				CLANG_WARN_STRICT_PROTOTYPES = YES;
				CLANG_WARN_SUSPICIOUS_MOVE = YES;
				CLANG_WARN_UNGUARDED_AVAILABILITY = YES_AGGRESSIVE;
				CLANG_WARN_UNREACHABLE_CODE = YES;
				CLANG_WARN__DUPLICATE_METHOD_MATCH = YES;
				COPY_PHASE_STRIP = NO;
				DEBUG_INFORMATION_FORMAT = "dwarf-with-dsym";
				ENABLE_NS_ASSERTIONS = NO;
				ENABLE_STRICT_OBJC_MSGSEND = YES;
				GCC_C_LANGUAGE_STANDARD = gnu11;
				GCC_NO_COMMON_BLOCKS = YES;
				GCC_WARN_64_TO_32_BIT_CONVERSION = YES;
				GCC_WARN_ABOUT_RETURN_TYPE = YES_ERROR;
				GCC_WARN_UNDECLARED_SELECTOR = YES;
				GCC_WARN_UNINITIALIZED_AUTOS = YES_AGGRESSIVE;
				GCC_WARN_UNUSED_FUNCTION = YES;
				GCC_WARN_UNUSED_VARIABLE = YES;
				IPHONEOS_DEPLOYMENT_TARGET = 16.2;
				MTL_ENABLE_DEBUG_INFO = NO;
				MTL_FAST_MATH = YES;
				SDKROOT = iphoneos;
				SWIFT_COMPILATION_MODE = wholemodule;
				SWIFT_OPTIMIZATION_LEVEL = "-O";
				VALIDATE_PRODUCT = YES;
			};
			name = Release;
		};
<<<<<<< HEAD
		265A315C29830799009B23E0 /* Debug */ = {
=======
		265A319F29831420009B23E0 /* Debug */ = {
>>>>>>> c7adab6 (Finished Storm viewer)
			isa = XCBuildConfiguration;
			buildSettings = {
				ASSETCATALOG_COMPILER_APPICON_NAME = AppIcon;
				ASSETCATALOG_COMPILER_GLOBAL_ACCENT_COLOR_NAME = AccentColor;
				CODE_SIGN_STYLE = Automatic;
				CURRENT_PROJECT_VERSION = 1;
				DEVELOPMENT_TEAM = G38GUVFDQA;
				GENERATE_INFOPLIST_FILE = YES;
				INFOPLIST_FILE = 1_StormViewer/Info.plist;
				INFOPLIST_KEY_UIApplicationSupportsIndirectInputEvents = YES;
				INFOPLIST_KEY_UILaunchStoryboardName = LaunchScreen;
				INFOPLIST_KEY_UIMainStoryboardFile = Main;
				INFOPLIST_KEY_UISupportedInterfaceOrientations_iPad = "UIInterfaceOrientationPortrait UIInterfaceOrientationPortraitUpsideDown UIInterfaceOrientationLandscapeLeft UIInterfaceOrientationLandscapeRight";
				INFOPLIST_KEY_UISupportedInterfaceOrientations_iPhone = "UIInterfaceOrientationPortrait UIInterfaceOrientationLandscapeLeft UIInterfaceOrientationLandscapeRight";
				LD_RUNPATH_SEARCH_PATHS = (
					"$(inherited)",
					"@executable_path/Frameworks",
				);
				MARKETING_VERSION = 1.0;
				PRODUCT_BUNDLE_IDENTIFIER = "com.BrennanDumm.--StormViewer";
				PRODUCT_NAME = "$(TARGET_NAME)";
				SWIFT_EMIT_LOC_STRINGS = YES;
				SWIFT_VERSION = 5.0;
				TARGETED_DEVICE_FAMILY = "1,2";
			};
			name = Debug;
		};
<<<<<<< HEAD
		265A315D29830799009B23E0 /* Release */ = {
=======
		265A31A029831420009B23E0 /* Release */ = {
>>>>>>> c7adab6 (Finished Storm viewer)
			isa = XCBuildConfiguration;
			buildSettings = {
				ASSETCATALOG_COMPILER_APPICON_NAME = AppIcon;
				ASSETCATALOG_COMPILER_GLOBAL_ACCENT_COLOR_NAME = AccentColor;
				CODE_SIGN_STYLE = Automatic;
				CURRENT_PROJECT_VERSION = 1;
				DEVELOPMENT_TEAM = G38GUVFDQA;
				GENERATE_INFOPLIST_FILE = YES;
				INFOPLIST_FILE = 1_StormViewer/Info.plist;
				INFOPLIST_KEY_UIApplicationSupportsIndirectInputEvents = YES;
				INFOPLIST_KEY_UILaunchStoryboardName = LaunchScreen;
				INFOPLIST_KEY_UIMainStoryboardFile = Main;
				INFOPLIST_KEY_UISupportedInterfaceOrientations_iPad = "UIInterfaceOrientationPortrait UIInterfaceOrientationPortraitUpsideDown UIInterfaceOrientationLandscapeLeft UIInterfaceOrientationLandscapeRight";
				INFOPLIST_KEY_UISupportedInterfaceOrientations_iPhone = "UIInterfaceOrientationPortrait UIInterfaceOrientationLandscapeLeft UIInterfaceOrientationLandscapeRight";
				LD_RUNPATH_SEARCH_PATHS = (
					"$(inherited)",
					"@executable_path/Frameworks",
				);
				MARKETING_VERSION = 1.0;
				PRODUCT_BUNDLE_IDENTIFIER = "com.BrennanDumm.--StormViewer";
				PRODUCT_NAME = "$(TARGET_NAME)";
				SWIFT_EMIT_LOC_STRINGS = YES;
				SWIFT_VERSION = 5.0;
				TARGETED_DEVICE_FAMILY = "1,2";
			};
			name = Release;
		};
/* End XCBuildConfiguration section */

/* Begin XCConfigurationList section */
<<<<<<< HEAD
		265A314229830799009B23E0 /* Build configuration list for PBXProject "1_StormViewer" */ = {
			isa = XCConfigurationList;
			buildConfigurations = (
				265A315929830799009B23E0 /* Debug */,
				265A315A29830799009B23E0 /* Release */,
=======
		265A31852983141F009B23E0 /* Build configuration list for PBXProject "1_StormViewer" */ = {
			isa = XCConfigurationList;
			buildConfigurations = (
				265A319C29831420009B23E0 /* Debug */,
				265A319D29831420009B23E0 /* Release */,
>>>>>>> c7adab6 (Finished Storm viewer)
			);
			defaultConfigurationIsVisible = 0;
			defaultConfigurationName = Release;
		};
<<<<<<< HEAD
		265A315B29830799009B23E0 /* Build configuration list for PBXNativeTarget "1_StormViewer" */ = {
			isa = XCConfigurationList;
			buildConfigurations = (
				265A315C29830799009B23E0 /* Debug */,
				265A315D29830799009B23E0 /* Release */,
=======
		265A319E29831420009B23E0 /* Build configuration list for PBXNativeTarget "1_StormViewer" */ = {
			isa = XCConfigurationList;
			buildConfigurations = (
				265A319F29831420009B23E0 /* Debug */,
				265A31A029831420009B23E0 /* Release */,
>>>>>>> c7adab6 (Finished Storm viewer)
			);
			defaultConfigurationIsVisible = 0;
			defaultConfigurationName = Release;
		};
/* End XCConfigurationList section */
	};
<<<<<<< HEAD
	rootObject = 265A313F29830799009B23E0 /* Project object */;
=======
	rootObject = 265A31822983141F009B23E0 /* Project object */;
>>>>>>> c7adab6 (Finished Storm viewer)
}
